{
  "name": "dynablocks.emu",
  "lockfileVersion": 3,
  "requires": true,
  "packages": {
    "": {
      "dependencies": {
        "ammo": "^3.0.3",
        "enable3d": "^0.25.3",
        "three": "^0.155.0"
      },
      "devDependencies": {
        "vite": "^4.4.8"
      }
    },
    "node_modules/@enable3d/common": {
      "version": "0.25.3",
      "resolved": "https://registry.npmjs.org/@enable3d/common/-/common-0.25.3.tgz",
      "integrity": "sha512-Q6U6mUIqzxbfKD6sr7mWI38/2vcM7TaUeeDT24js3j5bp8kU3NcQJ2vGqG2f3gvmTWLydnvcekcDRB1Z6FuVHg==",
      "dependencies": {
        "@enable3d/three-wrapper": "^0.25.3",
        "@yandeu/events": "0.0.5"
      },
      "funding": {
        "url": "https://github.com/sponsors/yandeu"
      }
    },
    "node_modules/@enable3d/common/node_modules/@enable3d/three-wrapper": {
      "version": "0.25.3",
      "resolved": "https://registry.npmjs.org/@enable3d/three-wrapper/-/three-wrapper-0.25.3.tgz",
      "integrity": "sha512-Vl1kTZnC8fLLdi8t3NP+rqAqHmu/wPET0vRI2McYigkDysqmNm9syo4eO3SG/bsvo01QYSQFf/5dV/AqDQ4ndg==",
      "funding": {
        "url": "https://github.com/sponsors/yandeu"
      },
      "peerDependencies": {
        "@types/three": "0.144.0",
        "three": "0.144.0"
      }
    },
    "node_modules/@enable3d/common/node_modules/three": {
      "version": "0.144.0",
      "resolved": "https://registry.npmjs.org/three/-/three-0.144.0.tgz",
      "integrity": "sha512-R8AXPuqfjfRJKkYoTQcTK7A6i3AdO9++2n8ubya/GTU+fEHhYKu1ZooRSCPkx69jbnzT7dD/xEo6eROQTt2lJw==",
      "peer": true
    },
    "node_modules/@esbuild/android-arm": {
      "version": "0.18.17",
      "resolved": "https://registry.npmjs.org/@esbuild/android-arm/-/android-arm-0.18.17.tgz",
      "integrity": "sha512-wHsmJG/dnL3OkpAcwbgoBTTMHVi4Uyou3F5mf58ZtmUyIKfcdA7TROav/6tCzET4A3QW2Q2FC+eFneMU+iyOxg==",
      "cpu": [
        "arm"
      ],
      "dev": true,
      "optional": true,
      "os": [
        "android"
      ],
      "engines": {
        "node": ">=12"
      }
    },
    "node_modules/@esbuild/android-arm64": {
      "version": "0.18.17",
      "resolved": "https://registry.npmjs.org/@esbuild/android-arm64/-/android-arm64-0.18.17.tgz",
      "integrity": "sha512-9np+YYdNDed5+Jgr1TdWBsozZ85U1Oa3xW0c7TWqH0y2aGghXtZsuT8nYRbzOMcl0bXZXjOGbksoTtVOlWrRZg==",
      "cpu": [
        "arm64"
      ],
      "dev": true,
      "optional": true,
      "os": [
        "android"
      ],
      "engines": {
        "node": ">=12"
      }
    },
    "node_modules/@esbuild/android-x64": {
      "version": "0.18.17",
      "resolved": "https://registry.npmjs.org/@esbuild/android-x64/-/android-x64-0.18.17.tgz",
      "integrity": "sha512-O+FeWB/+xya0aLg23hHEM2E3hbfwZzjqumKMSIqcHbNvDa+dza2D0yLuymRBQQnC34CWrsJUXyH2MG5VnLd6uw==",
      "cpu": [
        "x64"
      ],
      "dev": true,
      "optional": true,
      "os": [
        "android"
      ],
      "engines": {
        "node": ">=12"
      }
    },
    "node_modules/@esbuild/darwin-arm64": {
      "version": "0.18.17",
      "resolved": "https://registry.npmjs.org/@esbuild/darwin-arm64/-/darwin-arm64-0.18.17.tgz",
      "integrity": "sha512-M9uJ9VSB1oli2BE/dJs3zVr9kcCBBsE883prage1NWz6pBS++1oNn/7soPNS3+1DGj0FrkSvnED4Bmlu1VAE9g==",
      "cpu": [
        "arm64"
      ],
      "dev": true,
      "optional": true,
      "os": [
        "darwin"
      ],
      "engines": {
        "node": ">=12"
      }
    },
    "node_modules/@esbuild/darwin-x64": {
      "version": "0.18.17",
      "resolved": "https://registry.npmjs.org/@esbuild/darwin-x64/-/darwin-x64-0.18.17.tgz",
      "integrity": "sha512-XDre+J5YeIJDMfp3n0279DFNrGCXlxOuGsWIkRb1NThMZ0BsrWXoTg23Jer7fEXQ9Ye5QjrvXpxnhzl3bHtk0g==",
      "cpu": [
        "x64"
      ],
      "dev": true,
      "optional": true,
      "os": [
        "darwin"
      ],
      "engines": {
        "node": ">=12"
      }
    },
    "node_modules/@esbuild/freebsd-arm64": {
      "version": "0.18.17",
      "resolved": "https://registry.npmjs.org/@esbuild/freebsd-arm64/-/freebsd-arm64-0.18.17.tgz",
      "integrity": "sha512-cjTzGa3QlNfERa0+ptykyxs5A6FEUQQF0MuilYXYBGdBxD3vxJcKnzDlhDCa1VAJCmAxed6mYhA2KaJIbtiNuQ==",
      "cpu": [
        "arm64"
      ],
      "dev": true,
      "optional": true,
      "os": [
        "freebsd"
      ],
      "engines": {
        "node": ">=12"
      }
    },
    "node_modules/@esbuild/freebsd-x64": {
      "version": "0.18.17",
      "resolved": "https://registry.npmjs.org/@esbuild/freebsd-x64/-/freebsd-x64-0.18.17.tgz",
      "integrity": "sha512-sOxEvR8d7V7Kw8QqzxWc7bFfnWnGdaFBut1dRUYtu+EIRXefBc/eIsiUiShnW0hM3FmQ5Zf27suDuHsKgZ5QrA==",
      "cpu": [
        "x64"
      ],
      "dev": true,
      "optional": true,
      "os": [
        "freebsd"
      ],
      "engines": {
        "node": ">=12"
      }
    },
    "node_modules/@esbuild/linux-arm": {
      "version": "0.18.17",
      "resolved": "https://registry.npmjs.org/@esbuild/linux-arm/-/linux-arm-0.18.17.tgz",
      "integrity": "sha512-2d3Lw6wkwgSLC2fIvXKoMNGVaeY8qdN0IC3rfuVxJp89CRfA3e3VqWifGDfuakPmp90+ZirmTfye1n4ncjv2lg==",
      "cpu": [
        "arm"
      ],
      "dev": true,
      "optional": true,
      "os": [
        "linux"
      ],
      "engines": {
        "node": ">=12"
      }
    },
    "node_modules/@esbuild/linux-arm64": {
      "version": "0.18.17",
      "resolved": "https://registry.npmjs.org/@esbuild/linux-arm64/-/linux-arm64-0.18.17.tgz",
      "integrity": "sha512-c9w3tE7qA3CYWjT+M3BMbwMt+0JYOp3vCMKgVBrCl1nwjAlOMYzEo+gG7QaZ9AtqZFj5MbUc885wuBBmu6aADQ==",
      "cpu": [
        "arm64"
      ],
      "dev": true,
      "optional": true,
      "os": [
        "linux"
      ],
      "engines": {
        "node": ">=12"
      }
    },
    "node_modules/@esbuild/linux-ia32": {
      "version": "0.18.17",
      "resolved": "https://registry.npmjs.org/@esbuild/linux-ia32/-/linux-ia32-0.18.17.tgz",
      "integrity": "sha512-1DS9F966pn5pPnqXYz16dQqWIB0dmDfAQZd6jSSpiT9eX1NzKh07J6VKR3AoXXXEk6CqZMojiVDSZi1SlmKVdg==",
      "cpu": [
        "ia32"
      ],
      "dev": true,
      "optional": true,
      "os": [
        "linux"
      ],
      "engines": {
        "node": ">=12"
      }
    },
    "node_modules/@esbuild/linux-loong64": {
      "version": "0.18.17",
      "resolved": "https://registry.npmjs.org/@esbuild/linux-loong64/-/linux-loong64-0.18.17.tgz",
      "integrity": "sha512-EvLsxCk6ZF0fpCB6w6eOI2Fc8KW5N6sHlIovNe8uOFObL2O+Mr0bflPHyHwLT6rwMg9r77WOAWb2FqCQrVnwFg==",
      "cpu": [
        "loong64"
      ],
      "dev": true,
      "optional": true,
      "os": [
        "linux"
      ],
      "engines": {
        "node": ">=12"
      }
    },
    "node_modules/@esbuild/linux-mips64el": {
      "version": "0.18.17",
      "resolved": "https://registry.npmjs.org/@esbuild/linux-mips64el/-/linux-mips64el-0.18.17.tgz",
      "integrity": "sha512-e0bIdHA5p6l+lwqTE36NAW5hHtw2tNRmHlGBygZC14QObsA3bD4C6sXLJjvnDIjSKhW1/0S3eDy+QmX/uZWEYQ==",
      "cpu": [
        "mips64el"
      ],
      "dev": true,
      "optional": true,
      "os": [
        "linux"
      ],
      "engines": {
        "node": ">=12"
      }
    },
    "node_modules/@esbuild/linux-ppc64": {
      "version": "0.18.17",
      "resolved": "https://registry.npmjs.org/@esbuild/linux-ppc64/-/linux-ppc64-0.18.17.tgz",
      "integrity": "sha512-BAAilJ0M5O2uMxHYGjFKn4nJKF6fNCdP1E0o5t5fvMYYzeIqy2JdAP88Az5LHt9qBoUa4tDaRpfWt21ep5/WqQ==",
      "cpu": [
        "ppc64"
      ],
      "dev": true,
      "optional": true,
      "os": [
        "linux"
      ],
      "engines": {
        "node": ">=12"
      }
    },
    "node_modules/@esbuild/linux-riscv64": {
      "version": "0.18.17",
      "resolved": "https://registry.npmjs.org/@esbuild/linux-riscv64/-/linux-riscv64-0.18.17.tgz",
      "integrity": "sha512-Wh/HW2MPnC3b8BqRSIme/9Zhab36PPH+3zam5pqGRH4pE+4xTrVLx2+XdGp6fVS3L2x+DrsIcsbMleex8fbE6g==",
      "cpu": [
        "riscv64"
      ],
      "dev": true,
      "optional": true,
      "os": [
        "linux"
      ],
      "engines": {
        "node": ">=12"
      }
    },
    "node_modules/@esbuild/linux-s390x": {
      "version": "0.18.17",
      "resolved": "https://registry.npmjs.org/@esbuild/linux-s390x/-/linux-s390x-0.18.17.tgz",
      "integrity": "sha512-j/34jAl3ul3PNcK3pfI0NSlBANduT2UO5kZ7FCaK33XFv3chDhICLY8wJJWIhiQ+YNdQ9dxqQctRg2bvrMlYgg==",
      "cpu": [
        "s390x"
      ],
      "dev": true,
      "optional": true,
      "os": [
        "linux"
      ],
      "engines": {
        "node": ">=12"
      }
    },
    "node_modules/@esbuild/linux-x64": {
      "version": "0.18.17",
      "resolved": "https://registry.npmjs.org/@esbuild/linux-x64/-/linux-x64-0.18.17.tgz",
      "integrity": "sha512-QM50vJ/y+8I60qEmFxMoxIx4de03pGo2HwxdBeFd4nMh364X6TIBZ6VQ5UQmPbQWUVWHWws5MmJXlHAXvJEmpQ==",
      "cpu": [
        "x64"
      ],
      "dev": true,
      "optional": true,
      "os": [
        "linux"
      ],
      "engines": {
        "node": ">=12"
      }
    },
    "node_modules/@esbuild/netbsd-x64": {
      "version": "0.18.17",
      "resolved": "https://registry.npmjs.org/@esbuild/netbsd-x64/-/netbsd-x64-0.18.17.tgz",
      "integrity": "sha512-/jGlhWR7Sj9JPZHzXyyMZ1RFMkNPjC6QIAan0sDOtIo2TYk3tZn5UDrkE0XgsTQCxWTTOcMPf9p6Rh2hXtl5TQ==",
      "cpu": [
        "x64"
      ],
      "dev": true,
      "optional": true,
      "os": [
        "netbsd"
      ],
      "engines": {
        "node": ">=12"
      }
    },
    "node_modules/@esbuild/openbsd-x64": {
      "version": "0.18.17",
      "resolved": "https://registry.npmjs.org/@esbuild/openbsd-x64/-/openbsd-x64-0.18.17.tgz",
      "integrity": "sha512-rSEeYaGgyGGf4qZM2NonMhMOP/5EHp4u9ehFiBrg7stH6BYEEjlkVREuDEcQ0LfIl53OXLxNbfuIj7mr5m29TA==",
      "cpu": [
        "x64"
      ],
      "dev": true,
      "optional": true,
      "os": [
        "openbsd"
      ],
      "engines": {
        "node": ">=12"
      }
    },
    "node_modules/@esbuild/sunos-x64": {
      "version": "0.18.17",
      "resolved": "https://registry.npmjs.org/@esbuild/sunos-x64/-/sunos-x64-0.18.17.tgz",
      "integrity": "sha512-Y7ZBbkLqlSgn4+zot4KUNYst0bFoO68tRgI6mY2FIM+b7ZbyNVtNbDP5y8qlu4/knZZ73fgJDlXID+ohY5zt5g==",
      "cpu": [
        "x64"
      ],
      "dev": true,
      "optional": true,
      "os": [
        "sunos"
      ],
      "engines": {
        "node": ">=12"
      }
    },
    "node_modules/@esbuild/win32-arm64": {
      "version": "0.18.17",
      "resolved": "https://registry.npmjs.org/@esbuild/win32-arm64/-/win32-arm64-0.18.17.tgz",
      "integrity": "sha512-bwPmTJsEQcbZk26oYpc4c/8PvTY3J5/QK8jM19DVlEsAB41M39aWovWoHtNm78sd6ip6prilxeHosPADXtEJFw==",
      "cpu": [
        "arm64"
      ],
      "dev": true,
      "optional": true,
      "os": [
        "win32"
      ],
      "engines": {
        "node": ">=12"
      }
    },
    "node_modules/@esbuild/win32-ia32": {
      "version": "0.18.17",
      "resolved": "https://registry.npmjs.org/@esbuild/win32-ia32/-/win32-ia32-0.18.17.tgz",
      "integrity": "sha512-H/XaPtPKli2MhW+3CQueo6Ni3Avggi6hP/YvgkEe1aSaxw+AeO8MFjq8DlgfTd9Iz4Yih3QCZI6YLMoyccnPRg==",
      "cpu": [
        "ia32"
      ],
      "dev": true,
      "optional": true,
      "os": [
        "win32"
      ],
      "engines": {
        "node": ">=12"
      }
    },
    "node_modules/@esbuild/win32-x64": {
      "version": "0.18.17",
      "resolved": "https://registry.npmjs.org/@esbuild/win32-x64/-/win32-x64-0.18.17.tgz",
      "integrity": "sha512-fGEb8f2BSA3CW7riJVurug65ACLuQAzKq0SSqkY2b2yHHH0MzDfbLyKIGzHwOI/gkHcxM/leuSW6D5w/LMNitA==",
      "cpu": [
        "x64"
      ],
      "dev": true,
      "optional": true,
      "os": [
        "win32"
      ],
      "engines": {
        "node": ">=12"
      }
    },
    "node_modules/@types/matter-js": {
      "version": "0.17.6",
      "resolved": "https://registry.npmjs.org/@types/matter-js/-/matter-js-0.17.6.tgz",
      "integrity": "sha512-i6WLNuM7/89SLqO2aOyaUkom9tc3B/qo4ekh7BD99xQ8+wOVVZO0F4RzKNYZCaFwr+xp3pK3oIb6sSVjLpz+pA==",
      "peer": true
    },
    "node_modules/@types/three": {
      "version": "0.144.0",
      "resolved": "https://registry.npmjs.org/@types/three/-/three-0.144.0.tgz",
      "integrity": "sha512-psvEs6q5rLN50jUYZ3D4pZMfxTbdt3A243blt0my7/NcL6chaCZpHe2csbCtx0SOD9fI/XnF3wnVUAYZGqCSYg==",
      "peer": true,
      "dependencies": {
        "@types/webxr": "*"
      }
    },
    "node_modules/@types/webxr": {
      "version": "0.5.2",
      "resolved": "https://registry.npmjs.org/@types/webxr/-/webxr-0.5.2.tgz",
      "integrity": "sha512-szL74BnIcok9m7QwYtVmQ+EdIKwbjPANudfuvDrAF8Cljg9MKUlIoc1w5tjj9PMpeSH3U1Xnx//czQybJ0EfSw==",
      "peer": true
    },
    "node_modules/@yandeu/events": {
      "version": "0.0.5",
      "resolved": "https://registry.npmjs.org/@yandeu/events/-/events-0.0.5.tgz",
      "integrity": "sha512-TUkghSGu0ThcEyAP50WHU/vdQkpt9EZyotjZzG8KirR+VI5o7Rp5wabcGru62JNy+awMR8Voy+kFzhNkC/1E6A==",
      "funding": {
        "url": "https://github.com/sponsors/yandeu"
      }
    },
    "node_modules/@yandeu/tap": {
      "version": "0.0.3",
      "resolved": "https://registry.npmjs.org/@yandeu/tap/-/tap-0.0.3.tgz",
      "integrity": "sha512-GIStEHmboHVbs6ghcRxkO5NVdZtRCsf1mkKI0gvzc21uj5qGlGSCD/Eaax98/c6Mu9+n2lkTYbTwuBbg2vzuQw==",
      "dependencies": {
        "@yandeu/events": "0.0.5"
      },
      "funding": {
        "url": "https://github.com/sponsors/yandeu"
      }
    },
    "node_modules/ammo": {
      "version": "3.0.3",
      "resolved": "https://registry.npmjs.org/ammo/-/ammo-3.0.3.tgz",
      "integrity": "sha512-vo76VJ44MkUBZL/BzpGXaKzMfroF4ZR6+haRuw9p+eSWfoNaH2AxVc8xmiEPC08jhzJSeM6w7/iMUGet8b4oBQ==",
      "deprecated": "This module has moved and is now available at @hapi/ammo. Please update your dependencies as this version is no longer maintained an may contain bugs and security issues.",
      "dependencies": {
        "hoek": "6.x.x"
      }
    },
    "node_modules/enable3d": {
      "version": "0.25.3",
      "resolved": "https://registry.npmjs.org/enable3d/-/enable3d-0.25.3.tgz",
      "integrity": "sha512-kFFyERorkDFKg1zhchJWWzesFBy1gCqLkE5F1/84a6LpHGbx33kgWGnldjbkp4bJ1JUJjwAUyfnm5P3p7ubiJA==",
      "dependencies": {
        "@enable3d/ammo-physics": "^0.25.3",
        "@enable3d/common": "^0.25.3",
        "@enable3d/three-graphics": "^0.25.3",
        "@enable3d/three-wrapper": "^0.25.3"
      },
      "funding": {
        "url": "https://github.com/sponsors/yandeu"
      }
    },
    "node_modules/enable3d/node_modules/@enable3d/ammo-physics": {
      "version": "0.25.3",
      "resolved": "https://registry.npmjs.org/@enable3d/ammo-physics/-/ammo-physics-0.25.3.tgz",
      "integrity": "sha512-MQvbGnfAa5e2zkAEkepkMxD6ZjmUfJRklu3X0hxgE4Z/s5VZUacw+1VAFG4iNL2DfqqgoDbvnE5uaXFc+ZgAcw==",
      "dependencies": {
        "@enable3d/common": "^0.25.3",
        "@enable3d/three-wrapper": "^0.25.3",
        "@yandeu/events": "0.0.5"
      },
      "funding": {
        "url": "https://github.com/sponsors/yandeu"
      },
      "peerDependencies": {
        "@types/three": "0.144.0",
        "three": "0.144.0"
      }
    },
    "node_modules/enable3d/node_modules/@enable3d/three-graphics": {
      "version": "0.25.3",
      "resolved": "https://registry.npmjs.org/@enable3d/three-graphics/-/three-graphics-0.25.3.tgz",
      "integrity": "sha512-WdELHHYyD6XyGOA2pOOTOyBmymIashHDPI6HDC97aiaH4XJDYfhc6HMbdGzKBD3ETSVQt6hzIPiyEaU2gLtY9Q==",
      "dependencies": {
        "@enable3d/ammo-physics": "^0.25.3",
        "@enable3d/common": "^0.25.3",
        "@enable3d/three-wrapper": "^0.25.3",
        "@yandeu/events": "0.0.5",
        "@yandeu/tap": "0.0.3",
        "three-csg-ts": "^3.1.10"
      },
      "funding": {
        "url": "https://github.com/sponsors/yandeu"
      },
      "peerDependencies": {
        "@types/matter-js": "0.17.6",
        "@types/three": "0.144.0",
        "matter-js": "0.17.1",
        "poly-decomp": "^0.3.0",
        "three": "0.144.0"
      }
    },
    "node_modules/enable3d/node_modules/@enable3d/three-wrapper": {
      "version": "0.25.3",
      "resolved": "https://registry.npmjs.org/@enable3d/three-wrapper/-/three-wrapper-0.25.3.tgz",
      "integrity": "sha512-Vl1kTZnC8fLLdi8t3NP+rqAqHmu/wPET0vRI2McYigkDysqmNm9syo4eO3SG/bsvo01QYSQFf/5dV/AqDQ4ndg==",
      "funding": {
        "url": "https://github.com/sponsors/yandeu"
      },
      "peerDependencies": {
        "@types/three": "0.144.0",
        "three": "0.144.0"
      }
    },
    "node_modules/enable3d/node_modules/three": {
      "version": "0.144.0",
      "resolved": "https://registry.npmjs.org/three/-/three-0.144.0.tgz",
      "integrity": "sha512-R8AXPuqfjfRJKkYoTQcTK7A6i3AdO9++2n8ubya/GTU+fEHhYKu1ZooRSCPkx69jbnzT7dD/xEo6eROQTt2lJw==",
      "peer": true
    },
    "node_modules/esbuild": {
      "version": "0.18.17",
      "resolved": "https://registry.npmjs.org/esbuild/-/esbuild-0.18.17.tgz",
      "integrity": "sha512-1GJtYnUxsJreHYA0Y+iQz2UEykonY66HNWOb0yXYZi9/kNrORUEHVg87eQsCtqh59PEJ5YVZJO98JHznMJSWjg==",
      "dev": true,
      "hasInstallScript": true,
      "bin": {
        "esbuild": "bin/esbuild"
      },
      "engines": {
        "node": ">=12"
      },
      "optionalDependencies": {
        "@esbuild/android-arm": "0.18.17",
        "@esbuild/android-arm64": "0.18.17",
        "@esbuild/android-x64": "0.18.17",
        "@esbuild/darwin-arm64": "0.18.17",
        "@esbuild/darwin-x64": "0.18.17",
        "@esbuild/freebsd-arm64": "0.18.17",
        "@esbuild/freebsd-x64": "0.18.17",
        "@esbuild/linux-arm": "0.18.17",
        "@esbuild/linux-arm64": "0.18.17",
        "@esbuild/linux-ia32": "0.18.17",
        "@esbuild/linux-loong64": "0.18.17",
        "@esbuild/linux-mips64el": "0.18.17",
        "@esbuild/linux-ppc64": "0.18.17",
        "@esbuild/linux-riscv64": "0.18.17",
        "@esbuild/linux-s390x": "0.18.17",
        "@esbuild/linux-x64": "0.18.17",
        "@esbuild/netbsd-x64": "0.18.17",
        "@esbuild/openbsd-x64": "0.18.17",
        "@esbuild/sunos-x64": "0.18.17",
        "@esbuild/win32-arm64": "0.18.17",
        "@esbuild/win32-ia32": "0.18.17",
        "@esbuild/win32-x64": "0.18.17"
      }
    },
    "node_modules/fsevents": {
      "version": "2.3.2",
      "resolved": "https://registry.npmjs.org/fsevents/-/fsevents-2.3.2.tgz",
      "integrity": "sha512-xiqMQR4xAeHTuB9uWm+fFRcIOgKBMiOBP+eXiyT7jsgVCq1bkVygt00oASowB7EdtpOHaaPgKt812P9ab+DDKA==",
      "dev": true,
      "hasInstallScript": true,
      "optional": true,
      "os": [
        "darwin"
      ],
      "engines": {
        "node": "^8.16.0 || ^10.6.0 || >=11.0.0"
      }
    },
    "node_modules/hoek": {
      "version": "6.1.3",
      "resolved": "https://registry.npmjs.org/hoek/-/hoek-6.1.3.tgz",
      "integrity": "sha512-YXXAAhmF9zpQbC7LEcREFtXfGq5K1fmd+4PHkBq8NUqmzW3G+Dq10bI/i0KucLRwss3YYFQ0fSfoxBZYiGUqtQ==",
      "deprecated": "This module has moved and is now available at @hapi/hoek. Please update your dependencies as this version is no longer maintained an may contain bugs and security issues."
    },
    "node_modules/matter-js": {
      "version": "0.17.1",
      "resolved": "https://registry.npmjs.org/matter-js/-/matter-js-0.17.1.tgz",
      "integrity": "sha512-pSquoENJgvSAlQGcA0s5UkmEohGXZaUww2g3B6qG87x0iEcVf+aigMXn5UkFPdnh6w3B+C4vXSLaYqhHwKrOLA==",
      "peer": true
    },
    "node_modules/nanoid": {
      "version": "3.3.6",
      "resolved": "https://registry.npmjs.org/nanoid/-/nanoid-3.3.6.tgz",
      "integrity": "sha512-BGcqMMJuToF7i1rt+2PWSNVnWIkGCU78jBG3RxO/bZlnZPK2Cmi2QaffxGO/2RvWi9sL+FAiRiXMgsyxQ1DIDA==",
      "dev": true,
      "funding": [
        {
          "type": "github",
          "url": "https://github.com/sponsors/ai"
        }
      ],
      "bin": {
        "nanoid": "bin/nanoid.cjs"
      },
      "engines": {
        "node": "^10 || ^12 || ^13.7 || ^14 || >=15.0.1"
      }
    },
    "node_modules/picocolors": {
      "version": "1.0.0",
      "resolved": "https://registry.npmjs.org/picocolors/-/picocolors-1.0.0.tgz",
      "integrity": "sha512-1fygroTLlHu66zi26VoTDv8yRgm0Fccecssto+MhsZ0D/DGW2sm8E8AjW7NU5VVTRt5GxbeZ5qBuJr+HyLYkjQ==",
      "dev": true
    },
    "node_modules/poly-decomp": {
      "version": "0.3.0",
      "resolved": "https://registry.npmjs.org/poly-decomp/-/poly-decomp-0.3.0.tgz",
      "integrity": "sha512-hWeBxGzPYiybmI4548Fca7Up/0k1qS5+79cVHI9+H33dKya5YNb9hxl0ZnDaDgvrZSuYFBhkCK/HOnqN7gefkQ==",
      "peer": true,
      "engines": {
        "node": "*"
      }
    },
    "node_modules/postcss": {
      "version": "8.4.27",
      "resolved": "https://registry.npmjs.org/postcss/-/postcss-8.4.27.tgz",
      "integrity": "sha512-gY/ACJtJPSmUFPDCHtX78+01fHa64FaU4zaaWfuh1MhGJISufJAH4cun6k/8fwsHYeK4UQmENQK+tRLCFJE8JQ==",
      "dev": true,
      "funding": [
        {
          "type": "opencollective",
          "url": "https://opencollective.com/postcss/"
        },
        {
          "type": "tidelift",
          "url": "https://tidelift.com/funding/github/npm/postcss"
        },
        {
          "type": "github",
          "url": "https://github.com/sponsors/ai"
        }
      ],
      "dependencies": {
        "nanoid": "^3.3.6",
        "picocolors": "^1.0.0",
        "source-map-js": "^1.0.2"
      },
      "engines": {
        "node": "^10 || ^12 || >=14"
      }
    },
    "node_modules/rollup": {
      "version": "3.27.1",
      "resolved": "https://registry.npmjs.org/rollup/-/rollup-3.27.1.tgz",
      "integrity": "sha512-tXNDFwOkN6C2w5Blj1g6ForKeFw6c1mDu5jxoeDO3/pmYjgt+8yvIFjKzH5FQUq70OKZBkOt0zzv0THXL7vwzQ==",
      "dev": true,
      "bin": {
        "rollup": "dist/bin/rollup"
      },
      "engines": {
        "node": ">=14.18.0",
        "npm": ">=8.0.0"
      },
      "optionalDependencies": {
        "fsevents": "~2.3.2"
      }
    },
    "node_modules/source-map-js": {
      "version": "1.0.2",
      "resolved": "https://registry.npmjs.org/source-map-js/-/source-map-js-1.0.2.tgz",
      "integrity": "sha512-R0XvVJ9WusLiqTCEiGCmICCMplcCkIwwR11mOSD9CR5u+IXYdiseeEuXCVAjS54zqwkLcPNnmU4OeJ6tUrWhDw==",
      "dev": true,
      "engines": {
        "node": ">=0.10.0"
      }
    },
    "node_modules/three": {
      "version": "0.155.0",
      "resolved": "https://registry.npmjs.org/three/-/three-0.155.0.tgz",
      "integrity": "sha512-sNgCYmDijnIqkD/bMfk+1pHg3YzsxW7V2ChpuP6HCQ8NiZr3RufsXQr8M3SSUMjW4hG+sUk7YbyuY0DncaDTJQ=="
    },
    "node_modules/three-csg-ts": {
      "version": "3.1.13",
      "resolved": "https://registry.npmjs.org/three-csg-ts/-/three-csg-ts-3.1.13.tgz",
      "integrity": "sha512-CzqE7NmXQimVh2cnG62/wbWWiRVg0TaGhBbn0Km9Zwt+ZUVN5rYhDf0y/XN52MyxPD5apdaeFJcCQcmhmA+o/Q==",
      "peerDependencies": {
        "@types/three": ">= 0.125.0",
        "three": ">= 0.125.0"
      }
    },
    "node_modules/vite": {
      "version": "4.4.8",
      "resolved": "https://registry.npmjs.org/vite/-/vite-4.4.8.tgz",
      "integrity": "sha512-LONawOUUjxQridNWGQlNizfKH89qPigK36XhMI7COMGztz8KNY0JHim7/xDd71CZwGT4HtSRgI7Hy+RlhG0Gvg==",
      "dev": true,
      "dependencies": {
        "esbuild": "^0.18.10",
        "postcss": "^8.4.26",
        "rollup": "^3.25.2"
      },
      "bin": {
        "vite": "bin/vite.js"
      },
      "engines": {
        "node": "^14.18.0 || >=16.0.0"
      },
      "funding": {
        "url": "https://github.com/vitejs/vite?sponsor=1"
      },
      "optionalDependencies": {
        "fsevents": "~2.3.2"
      },
      "peerDependencies": {
        "@types/node": ">= 14",
        "less": "*",
        "lightningcss": "^1.21.0",
        "sass": "*",
        "stylus": "*",
        "sugarss": "*",
        "terser": "^5.4.0"
      },
      "peerDependenciesMeta": {
        "@types/node": {
          "optional": true
        },
        "less": {
          "optional": true
        },
        "lightningcss": {
          "optional": true
        },
        "sass": {
          "optional": true
        },
        "stylus": {
          "optional": true
        },
        "sugarss": {
          "optional": true
        },
        "terser": {
          "optional": true
        }
      }
    }
  }
}
